
Microsoft Visual Studio Solution File, Format Version 12.00
# Visual Studio Version 17
VisualStudioVersion = 17.7.34202.233
MinimumVisualStudioVersion = 10.0.40219.1
Project("{FAE04EC0-301F-11D3-BF4B-00C04F79EFBC}") = "WpfApp1", "WpfApp1\WpfApp1.csproj", "{60C91434-5F86-49A1-9554-45061595F0EC}"
EndProject
Global
	GlobalSection(SolutionConfigurationPlatforms) = preSolution
		Debug|Any CPU = Debug|Any CPU
		Release|Any CPU = Release|Any CPU
	EndGlobalSection
	GlobalSection(ProjectConfigurationPlatforms) = postSolution
		{60C91434-5F86-49A1-9554-45061595F0EC}.Debug|Any CPU.ActiveCfg = Debug|Any CPU
		{60C91434-5F86-49A1-9554-45061595F0EC}.Debug|Any CPU.Build.0 = Debug|Any CPU
		{60C91434-5F86-49A1-9554-45061595F0EC}.Release|Any CPU.ActiveCfg = Release|Any CPU
		{60C91434-5F86-49A1-9554-45061595F0EC}.Release|Any CPU.Build.0 = Release|Any CPU
	EndGlobalSection
	GlobalSection(SolutionProperties) = preSolution
		HideSolutionNode = FALSE
	EndGlobalSection
	GlobalSection(ExtensibilityGlobals) = postSolution
		SolutionGuid = {5C00425C-EFC8-4DE8-9D48-DF2C9386A5E8}
	EndGlobalSection
EndGlobal
